// !$*UTF8*$!
{
	archiveVersion = 1;
	classes = {
	};
	objectVersion = 48;
	objects = {

/* Begin PBXBuildFile section */
		923D3F661FB86C7D00CE8180 /* AppDelegate.swift in Sources */ = {isa = PBXBuildFile; fileRef = 923D3F651FB86C7D00CE8180 /* AppDelegate.swift */; };
		923D3F6B1FB86C7D00CE8180 /* Main.storyboard in Resources */ = {isa = PBXBuildFile; fileRef = 923D3F691FB86C7D00CE8180 /* Main.storyboard */; };
		923D3F6D1FB86C7D00CE8180 /* Assets.xcassets in Resources */ = {isa = PBXBuildFile; fileRef = 923D3F6C1FB86C7D00CE8180 /* Assets.xcassets */; };
		923D3F701FB86C7D00CE8180 /* LaunchScreen.storyboard in Resources */ = {isa = PBXBuildFile; fileRef = 923D3F6E1FB86C7D00CE8180 /* LaunchScreen.storyboard */; };
		923D3F791FB86F7A00CE8180 /* ChecklistViewController.swift in Sources */ = {isa = PBXBuildFile; fileRef = 923D3F781FB86F7A00CE8180 /* ChecklistViewController.swift */; };
		923D3F7B1FB8702500CE8180 /* AddedItemViewController.swift in Sources */ = {isa = PBXBuildFile; fileRef = 923D3F7A1FB8702500CE8180 /* AddedItemViewController.swift */; };
		923D3F7D1FB8703400CE8180 /* ChecklistItem.swift in Sources */ = {isa = PBXBuildFile; fileRef = 923D3F7C1FB8703400CE8180 /* ChecklistItem.swift */; };
/* End PBXBuildFile section */

/* Begin PBXFileReference section */
		923D3F621FB86C7D00CE8180 /* RWChecklist.app */ = {isa = PBXFileReference; explicitFileType = wrapper.application; includeInIndex = 0; path = RWChecklist.app; sourceTree = BUILT_PRODUCTS_DIR; };
		923D3F651FB86C7D00CE8180 /* AppDelegate.swift */ = {isa = PBXFileReference; lastKnownFileType = sourcecode.swift; path = AppDelegate.swift; sourceTree = "<group>"; };
		923D3F6A1FB86C7D00CE8180 /* Base */ = {isa = PBXFileReference; lastKnownFileType = file.storyboard; name = Base; path = Base.lproj/Main.storyboard; sourceTree = "<group>"; };
		923D3F6C1FB86C7D00CE8180 /* Assets.xcassets */ = {isa = PBXFileReference; lastKnownFileType = folder.assetcatalog; path = Assets.xcassets; sourceTree = "<group>"; };
		923D3F6F1FB86C7D00CE8180 /* Base */ = {isa = PBXFileReference; lastKnownFileType = file.storyboard; name = Base; path = Base.lproj/LaunchScreen.storyboard; sourceTree = "<group>"; };
		923D3F711FB86C7D00CE8180 /* Info.plist */ = {isa = PBXFileReference; lastKnownFileType = text.plist.xml; path = Info.plist; sourceTree = "<group>"; };
		923D3F781FB86F7A00CE8180 /* ChecklistViewController.swift */ = {isa = PBXFileReference; lastKnownFileType = sourcecode.swift; path = ChecklistViewController.swift; sourceTree = "<group>"; };
		923D3F7A1FB8702500CE8180 /* AddedItemViewController.swift */ = {isa = PBXFileReference; fileEncoding = 4; lastKnownFileType = sourcecode.swift; path = AddedItemViewController.swift; sourceTree = "<group>"; };
		923D3F7C1FB8703400CE8180 /* ChecklistItem.swift */ = {isa = PBXFileReference; fileEncoding = 4; lastKnownFileType = sourcecode.swift; path = ChecklistItem.swift; sourceTree = "<group>"; };
/* End PBXFileReference section */

/* Begin PBXFrameworksBuildPhase section */
		923D3F5F1FB86C7D00CE8180 /* Frameworks */ = {
			isa = PBXFrameworksBuildPhase;
			buildActionMask = 2147483647;
			files = (
			);
			runOnlyForDeploymentPostprocessing = 0;
		};
/* End PBXFrameworksBuildPhase section */

/* Begin PBXGroup section */
		923D3F591FB86C7D00CE8180 = {
			isa = PBXGroup;
			children = (
				923D3F641FB86C7D00CE8180 /* RWChecklist */,
				923D3F631FB86C7D00CE8180 /* Products */,
			);
			sourceTree = "<group>";
		};
		923D3F631FB86C7D00CE8180 /* Products */ = {
			isa = PBXGroup;
			children = (
				923D3F621FB86C7D00CE8180 /* RWChecklist.app */,
			);
			name = Products;
			sourceTree = "<group>";
		};
		923D3F641FB86C7D00CE8180 /* RWChecklist */ = {
			isa = PBXGroup;
			children = (
				923D3F7C1FB8703400CE8180 /* ChecklistItem.swift */,
				923D3F7A1FB8702500CE8180 /* AddedItemViewController.swift */,
				923D3F651FB86C7D00CE8180 /* AppDelegate.swift */,
				923D3F781FB86F7A00CE8180 /* ChecklistViewController.swift */,
				923D3F691FB86C7D00CE8180 /* Main.storyboard */,
				923D3F6C1FB86C7D00CE8180 /* Assets.xcassets */,
				923D3F6E1FB86C7D00CE8180 /* LaunchScreen.storyboard */,
				923D3F711FB86C7D00CE8180 /* Info.plist */,
			);
			path = RWChecklist;
			sourceTree = "<group>";
		};
/* End PBXGroup section */

/* Begin PBXNativeTarget section */
		923D3F611FB86C7D00CE8180 /* RWChecklist */ = {
			isa = PBXNativeTarget;
			buildConfigurationList = 923D3F741FB86C7D00CE8180 /* Build configuration list for PBXNativeTarget "RWChecklist" */;
			buildPhases = (
				923D3F5E1FB86C7D00CE8180 /* Sources */,
				923D3F5F1FB86C7D00CE8180 /* Frameworks */,
				923D3F601FB86C7D00CE8180 /* Resources */,
			);
			buildRules = (
			);
			dependencies = (
			);
			name = RWChecklist;
			productName = RWChecklist;
			productReference = 923D3F621FB86C7D00CE8180 /* RWChecklist.app */;
			productType = "com.apple.product-type.application";
		};
/* End PBXNativeTarget section */

/* Begin PBXProject section */
		923D3F5A1FB86C7D00CE8180 /* Project object */ = {
			isa = PBXProject;
			attributes = {
				LastSwiftUpdateCheck = 0910;
				LastUpgradeCheck = 0910;
				ORGANIZATIONNAME = Nymain;
				TargetAttributes = {
					923D3F611FB86C7D00CE8180 = {
						CreatedOnToolsVersion = 9.1;
						ProvisioningStyle = Automatic;
					};
				};
			};
			buildConfigurationList = 923D3F5D1FB86C7D00CE8180 /* Build configuration list for PBXProject "RWChecklist" */;
			compatibilityVersion = "Xcode 8.0";
			developmentRegion = en;
			hasScannedForEncodings = 0;
			knownRegions = (
				en,
				Base,
			);
			mainGroup = 923D3F591FB86C7D00CE8180;
			productRefGroup = 923D3F631FB86C7D00CE8180 /* Products */;
			projectDirPath = "";
			projectRoot = "";
			targets = (
				923D3F611FB86C7D00CE8180 /* RWChecklist */,
			);
		};
/* End PBXProject section */

/* Begin PBXResourcesBuildPhase section */
		923D3F601FB86C7D00CE8180 /* Resources */ = {
			isa = PBXResourcesBuildPhase;
			buildActionMask = 2147483647;
			files = (
				923D3F701FB86C7D00CE8180 /* LaunchScreen.storyboard in Resources */,
				923D3F6D1FB86C7D00CE8180 /* Assets.xcassets in Resources */,
				923D3F6B1FB86C7D00CE8180 /* Main.storyboard in Resources */,
			);
			runOnlyForDeploymentPostprocessing = 0;
		};
/* End PBXResourcesBuildPhase section */

/* Begin PBXSourcesBuildPhase section */
		923D3F5E1FB86C7D00CE8180 /* Sources */ = {
			isa = PBXSourcesBuildPhase;
			buildActionMask = 2147483647;
			files = (
				923D3F7B1FB8702500CE8180 /* AddedItemViewController.swift in Sources */,
				923D3F661FB86C7D00CE8180 /* AppDelegate.swift in Sources */,
				923D3F791FB86F7A00CE8180 /* ChecklistViewController.swift in Sources */,
				923D3F7D1FB8703400CE8180 /* ChecklistItem.swift in Sources */,
			);
			runOnlyForDeploymentPostprocessing = 0;
		};
/* End PBXSourcesBuildPhase section */

/* Begin PBXVariantGroup section */
		923D3F691FB86C7D00CE8180 /* Main.storyboard */ = {
			isa = PBXVariantGroup;
			children = (
				923D3F6A1FB86C7D00CE8180 /* Base */,
			);
			name = Main.storyboard;
			sourceTree = "<group>";
		};
		923D3F6E1FB86C7D00CE8180 /* LaunchScreen.storyboard */ = {
			isa = PBXVariantGroup;
			children = (
				923D3F6F1FB86C7D00CE8180 /* Base */,
			);
			name = LaunchScreen.storyboard;
			sourceTree = "<group>";
		};
/* End PBXVariantGroup section */

/* Begin XCBuildConfiguration section */
		923D3F721FB86C7D00CE8180 /* Debug */ = {
			isa = XCBuildConfiguration;
			buildSettings = {
				ALWAYS_SEARCH_USER_PATHS = NO;
				CLANG_ANALYZER_NONNULL = YES;
				CLANG_ANALYZER_NUMBER_OBJECT_CONVERSION = YES_AGGRESSIVE;
				CLANG_CXX_LANGUAGE_STANDARD = "gnu++14";
				CLANG_CXX_LIBRARY = "libc++";
				CLANG_ENABLE_MODULES = YES;
				CLANG_ENABLE_OBJC_ARC = YES;
				CLANG_WARN_BLOCK_CAPTURE_AUTORELEASING = YES;
				CLANG_WARN_BOOL_CONVERSION = YES;
				CLANG_WARN_COMMA = YES;
				CLANG_WARN_CONSTANT_CONVERSION = YES;
				CLANG_WARN_DIRECT_OBJC_ISA_USAGE = YES_ERROR;
				CLANG_WARN_DOCUMENTATION_COMMENTS = YES;
				CLANG_WARN_EMPTY_BODY = YES;
				CLANG_WARN_ENUM_CONVERSION = YES;
				CLANG_WARN_INFINITE_RECURSION = YES;
				CLANG_WARN_INT_CONVERSION = YES;
				CLANG_WARN_NON_LITERAL_NULL_CONVERSION = YES;
				CLANG_WARN_OBJC_LITERAL_CONVERSION = YES;
				CLANG_WARN_OBJC_ROOT_CLASS = YES_ERROR;
				CLANG_WARN_RANGE_LOOP_ANALYSIS = YES;
				CLANG_WARN_STRICT_PROTOTYPES = YES;
				CLANG_WARN_SUSPICIOUS_MOVE = YES;
				CLANG_WARN_UNGUARDED_AVAILABILITY = YES_AGGRESSIVE;
				CLANG_WARN_UNREACHABLE_CODE = YES;
				CLANG_WARN__DUPLICATE_METHOD_MATCH = YES;
				CODE_SIGN_IDENTITY = "iPhone Developer";
				COPY_PHASE_STRIP = NO;
				DEBUG_INFORMATION_FORMAT = dwarf;
				ENABLE_STRICT_OBJC_MSGSEND = YES;
				ENABLE_TESTABILITY = YES;
				GCC_C_LANGUAGE_STANDARD = gnu11;
				GCC_DYNAMIC_NO_PIC = NO;
				GCC_NO_COMMON_BLOCKS = YES;
				GCC_OPTIMIZATION_LEVEL = 0;
				GCC_PREPROCESSOR_DEFINITIONS = (
					"DEBUG=1",
					"$(inherited)",
				);
				GCC_WARN_64_TO_32_BIT_CONVERSION = YES;
				GCC_WARN_ABOUT_RETURN_TYPE = YES_ERROR;
				GCC_WARN_UNDECLARED_SELECTOR = YES;
				GCC_WARN_UNINITIALIZED_AUTOS = YES_AGGRESSIVE;
				GCC_WARN_UNUSED_FUNCTION = YES;
				GCC_WARN_UNUSED_VARIABLE = YES;
				IPHONEOS_DEPLOYMENT_TARGET = 11.1;
				MTL_ENABLE_DEBUG_INFO = YES;
				ONLY_ACTIVE_ARCH = YES;
				SDKROOT = iphoneos;
				SWIFT_ACTIVE_COMPILATION_CONDITIONS = DEBUG;
				SWIFT_OPTIMIZATION_LEVEL = "-Onone";
			};
			name = Debug;
		};
		923D3F731FB86C7D00CE8180 /* Release */ = {
			isa = XCBuildConfiguration;
			buildSettings = {
				ALWAYS_SEARCH_USER_PATHS = NO;
				CLANG_ANALYZER_NONNULL = YES;
				CLANG_ANALYZER_NUMBER_OBJECT_CONVERSION = YES_AGGRESSIVE;
				CLANG_CXX_LANGUAGE_STANDARD = "gnu++14";
				CLANG_CXX_LIBRARY = "libc++";
				CLANG_ENABLE_MODULES = YES;
				CLANG_ENABLE_OBJC_ARC = YES;
				CLANG_WARN_BLOCK_CAPTURE_AUTORELEASING = YES;
				CLANG_WARN_BOOL_CONVERSION = YES;
				CLANG_WARN_COMMA = YES;
				CLANG_WARN_CONSTANT_CONVERSION = YES;
				CLANG_WARN_DIRECT_OBJC_ISA_USAGE = YES_ERROR;
				CLANG_WARN_DOCUMENTATION_COMMENTS = YES;
				CLANG_WARN_EMPTY_BODY = YES;
				CLANG_WARN_ENUM_CONVERSION = YES;
				CLANG_WARN_INFINITE_RECURSION = YES;
				CLANG_WARN_INT_CONVERSION = YES;
				CLANG_WARN_NON_LITERAL_NULL_CONVERSION = YES;
				CLANG_WARN_OBJC_LITERAL_CONVERSION = YES;
				CLANG_WARN_OBJC_ROOT_CLASS = YES_ERROR;
				CLANG_WARN_RANGE_LOOP_ANALYSIS = YES;
				CLANG_WARN_STRICT_PROTOTYPES = YES;
				CLANG_WARN_SUSPICIOUS_MOVE = YES;
				CLANG_WARN_UNGUARDED_AVAILABILITY = YES_AGGRESSIVE;
				CLANG_WARN_UNREACHABLE_CODE = YES;
				CLANG_WARN__DUPLICATE_METHOD_MATCH = YES;
				CODE_SIGN_IDENTITY = "iPhone Developer";
				COPY_PHASE_STRIP = NO;
				DEBUG_INFORMATION_FORMAT = "dwarf-with-dsym";
				ENABLE_NS_ASSERTIONS = NO;
				ENABLE_STRICT_OBJC_MSGSEND = YES;
				GCC_C_LANGUAGE_STANDARD = gnu11;
				GCC_NO_COMMON_BLOCKS = YES;
				GCC_WARN_64_TO_32_BIT_CONVERSION = YES;
				GCC_WARN_ABOUT_RETURN_TYPE = YES_ERROR;
				GCC_WARN_UNDECLARED_SELECTOR = YES;
				GCC_WARN_UNINITIALIZED_AUTOS = YES_AGGRESSIVE;
				GCC_WARN_UNUSED_FUNCTION = YES;
				GCC_WARN_UNUSED_VARIABLE = YES;
				IPHONEOS_DEPLOYMENT_TARGET = 11.1;
				MTL_ENABLE_DEBUG_INFO = NO;
				SDKROOT = iphoneos;
				SWIFT_OPTIMIZATION_LEVEL = "-Owholemodule";
				VALIDATE_PRODUCT = YES;
			};
			name = Release;
		};
		923D3F751FB86C7D00CE8180 /* Debug */ = {
			isa = XCBuildConfiguration;
			buildSettings = {
				ASSETCATALOG_COMPILER_APPICON_NAME = AppIcon;
				CODE_SIGN_STYLE = Automatic;
				DEVELOPMENT_TEAM = 8U6XLFBVKJ;
				INFOPLIST_FILE = RWChecklist/Info.plist;
				LD_RUNPATH_SEARCH_PATHS = "$(inherited) @executable_path/Frameworks";
				PRODUCT_BUNDLE_IDENTIFIER = com.nymain.RWChecklist;
				PRODUCT_NAME = "$(TARGET_NAME)";
				SWIFT_VERSION = 4.0;
				TARGETED_DEVICE_FAMILY = "1,2";
			};
			name = Debug;
		};
		923D3F761FB86C7D00CE8180 /* Release */ = {
			isa = XCBuildConfiguration;
			buildSettings = {
				ASSETCATALOG_COMPILER_APPICON_NAME = AppIcon;
				CODE_SIGN_STYLE = Automatic;
				DEVELOPMENT_TEAM = 8U6XLFBVKJ;
				INFOPLIST_FILE = RWChecklist/Info.plist;
				LD_RUNPATH_SEARCH_PATHS = "$(inherited) @executable_path/Frameworks";
				PRODUCT_BUNDLE_IDENTIFIER = com.nymain.RWChecklist;
				PRODUCT_NAME = "$(TARGET_NAME)";
				SWIFT_VERSION = 4.0;
				TARGETED_DEVICE_FAMILY = "1,2";
			};
			name = Release;
		};
/* End XCBuildConfiguration section */

/* Begin XCConfigurationList section */
		923D3F5D1FB86C7D00CE8180 /* Build configuration list for PBXProject "RWChecklist" */ = {
			isa = XCConfigurationList;
			buildConfigurations = (
				923D3F721FB86C7D00CE8180 /* Debug */,
				923D3F731FB86C7D00CE8180 /* Release */,
			);
			defaultConfigurationIsVisible = 0;
			defaultConfigurationName = Release;
		};
		923D3F741FB86C7D00CE8180 /* Build configuration list for PBXNativeTarget "RWChecklist" */ = {
			isa = XCConfigurationList;
			buildConfigurations = (
				923D3F751FB86C7D00CE8180 /* Debug */,
				923D3F761FB86C7D00CE8180 /* Release */,
			);
			defaultConfigurationIsVisible = 0;
			defaultConfigurationName = Release;
		};
/* End XCConfigurationList section */
	};
	rootObject = 923D3F5A1FB86C7D00CE8180 /* Project object */;
}
